// !$*UTF8*$!
{
	archiveVersion = 1;
	classes = {
	};
	objectVersion = 56;
	objects = {

/* Begin PBXBuildFile section */
		FB79E7E32BC4A2D3009626B6 /* AppDelegate.swift in Sources */ = {isa = PBXBuildFile; fileRef = FB79E7E22BC4A2D3009626B6 /* AppDelegate.swift */; };
		FB79E7E52BC4A2D3009626B6 /* SceneDelegate.swift in Sources */ = {isa = PBXBuildFile; fileRef = FB79E7E42BC4A2D3009626B6 /* SceneDelegate.swift */; };
		FB79E7E72BC4A2D3009626B6 /* ViewController.swift in Sources */ = {isa = PBXBuildFile; fileRef = FB79E7E62BC4A2D3009626B6 /* ViewController.swift */; };
		FB79E7EA2BC4A2D3009626B6 /* Main.storyboard in Resources */ = {isa = PBXBuildFile; fileRef = FB79E7E82BC4A2D3009626B6 /* Main.storyboard */; };
		FB79E7EC2BC4A2D4009626B6 /* Assets.xcassets in Resources */ = {isa = PBXBuildFile; fileRef = FB79E7EB2BC4A2D4009626B6 /* Assets.xcassets */; };
		FB79E7EF2BC4A2D4009626B6 /* LaunchScreen.storyboard in Resources */ = {isa = PBXBuildFile; fileRef = FB79E7ED2BC4A2D4009626B6 /* LaunchScreen.storyboard */; };
		FB79E7F72BC4AA8A009626B6 /* QuestionViewController.swift in Sources */ = {isa = PBXBuildFile; fileRef = FB79E7F62BC4AA8A009626B6 /* QuestionViewController.swift */; };
		FB79E7F92BC4AAA0009626B6 /* ResultsViewController.swift in Sources */ = {isa = PBXBuildFile; fileRef = FB79E7F82BC4AAA0009626B6 /* ResultsViewController.swift */; };
		FB79E7FB2BC4B2C2009626B6 /* QuestionData.swift in Sources */ = {isa = PBXBuildFile; fileRef = FB79E7FA2BC4B2C2009626B6 /* QuestionData.swift */; };
/* End PBXBuildFile section */

/* Begin PBXFileReference section */
		FB79E7DF2BC4A2D3009626B6 /* PersonalityTest_iOS.app */ = {isa = PBXFileReference; explicitFileType = wrapper.application; includeInIndex = 0; path = PersonalityTest_iOS.app; sourceTree = BUILT_PRODUCTS_DIR; };
		FB79E7E22BC4A2D3009626B6 /* AppDelegate.swift */ = {isa = PBXFileReference; lastKnownFileType = sourcecode.swift; path = AppDelegate.swift; sourceTree = "<group>"; };
		FB79E7E42BC4A2D3009626B6 /* SceneDelegate.swift */ = {isa = PBXFileReference; lastKnownFileType = sourcecode.swift; path = SceneDelegate.swift; sourceTree = "<group>"; };
		FB79E7E62BC4A2D3009626B6 /* ViewController.swift */ = {isa = PBXFileReference; lastKnownFileType = sourcecode.swift; path = ViewController.swift; sourceTree = "<group>"; };
		FB79E7E92BC4A2D3009626B6 /* Base */ = {isa = PBXFileReference; lastKnownFileType = file.storyboard; name = Base; path = Base.lproj/Main.storyboard; sourceTree = "<group>"; };
		FB79E7EB2BC4A2D4009626B6 /* Assets.xcassets */ = {isa = PBXFileReference; lastKnownFileType = folder.assetcatalog; path = Assets.xcassets; sourceTree = "<group>"; };
		FB79E7EE2BC4A2D4009626B6 /* Base */ = {isa = PBXFileReference; lastKnownFileType = file.storyboard; name = Base; path = Base.lproj/LaunchScreen.storyboard; sourceTree = "<group>"; };
		FB79E7F02BC4A2D4009626B6 /* Info.plist */ = {isa = PBXFileReference; lastKnownFileType = text.plist.xml; path = Info.plist; sourceTree = "<group>"; };
		FB79E7F62BC4AA8A009626B6 /* QuestionViewController.swift */ = {isa = PBXFileReference; lastKnownFileType = sourcecode.swift; path = QuestionViewController.swift; sourceTree = "<group>"; };
		FB79E7F82BC4AAA0009626B6 /* ResultsViewController.swift */ = {isa = PBXFileReference; lastKnownFileType = sourcecode.swift; path = ResultsViewController.swift; sourceTree = "<group>"; };
		FB79E7FA2BC4B2C2009626B6 /* QuestionData.swift */ = {isa = PBXFileReference; lastKnownFileType = sourcecode.swift; path = QuestionData.swift; sourceTree = "<group>"; };
/* End PBXFileReference section */

/* Begin PBXFrameworksBuildPhase section */
		FB79E7DC2BC4A2D3009626B6 /* Frameworks */ = {
			isa = PBXFrameworksBuildPhase;
			buildActionMask = 2147483647;
			files = (
			);
			runOnlyForDeploymentPostprocessing = 0;
		};
/* End PBXFrameworksBuildPhase section */

/* Begin PBXGroup section */
		FB79E7D62BC4A2D3009626B6 = {
			isa = PBXGroup;
			children = (
				FB79E7E12BC4A2D3009626B6 /* PersonalityTest_iOS */,
				FB79E7E02BC4A2D3009626B6 /* Products */,
			);
			sourceTree = "<group>";
		};
		FB79E7E02BC4A2D3009626B6 /* Products */ = {
			isa = PBXGroup;
			children = (
				FB79E7DF2BC4A2D3009626B6 /* PersonalityTest_iOS.app */,
			);
			name = Products;
			sourceTree = "<group>";
		};
		FB79E7E12BC4A2D3009626B6 /* PersonalityTest_iOS */ = {
			isa = PBXGroup;
			children = (
				FB79E7E22BC4A2D3009626B6 /* AppDelegate.swift */,
				FB79E7E42BC4A2D3009626B6 /* SceneDelegate.swift */,
				FB79E7E62BC4A2D3009626B6 /* ViewController.swift */,
				FB79E7E82BC4A2D3009626B6 /* Main.storyboard */,
				FB79E7EB2BC4A2D4009626B6 /* Assets.xcassets */,
				FB79E7ED2BC4A2D4009626B6 /* LaunchScreen.storyboard */,
				FB79E7F02BC4A2D4009626B6 /* Info.plist */,
				FB79E7F62BC4AA8A009626B6 /* QuestionViewController.swift */,
				FB79E7F82BC4AAA0009626B6 /* ResultsViewController.swift */,
				FB79E7FA2BC4B2C2009626B6 /* QuestionData.swift */,
			);
			path = PersonalityTest_iOS;
			sourceTree = "<group>";
		};
/* End PBXGroup section */

/* Begin PBXNativeTarget section */
		FB79E7DE2BC4A2D3009626B6 /* PersonalityTest_iOS */ = {
			isa = PBXNativeTarget;
			buildConfigurationList = FB79E7F32BC4A2D4009626B6 /* Build configuration list for PBXNativeTarget "PersonalityTest_iOS" */;
			buildPhases = (
				FB79E7DB2BC4A2D3009626B6 /* Sources */,
				FB79E7DC2BC4A2D3009626B6 /* Frameworks */,
				FB79E7DD2BC4A2D3009626B6 /* Resources */,
			);
			buildRules = (
			);
			dependencies = (
			);
			name = PersonalityTest_iOS;
			productName = PersonalityTest_iOS;
			productReference = FB79E7DF2BC4A2D3009626B6 /* PersonalityTest_iOS.app */;
			productType = "com.apple.product-type.application";
		};
/* End PBXNativeTarget section */

/* Begin PBXProject section */
		FB79E7D72BC4A2D3009626B6 /* Project object */ = {
			isa = PBXProject;
			attributes = {
				BuildIndependentTargetsInParallel = 1;
				LastSwiftUpdateCheck = 1430;
				LastUpgradeCheck = 1430;
				TargetAttributes = {
					FB79E7DE2BC4A2D3009626B6 = {
						CreatedOnToolsVersion = 14.3.1;
					};
				};
			};
			buildConfigurationList = FB79E7DA2BC4A2D3009626B6 /* Build configuration list for PBXProject "PersonalityTest_iOS" */;
			compatibilityVersion = "Xcode 14.0";
			developmentRegion = en;
			hasScannedForEncodings = 0;
			knownRegions = (
				en,
				Base,
			);
			mainGroup = FB79E7D62BC4A2D3009626B6;
			productRefGroup = FB79E7E02BC4A2D3009626B6 /* Products */;
			projectDirPath = "";
			projectRoot = "";
			targets = (
				FB79E7DE2BC4A2D3009626B6 /* PersonalityTest_iOS */,
			);
		};
/* End PBXProject section */

/* Begin PBXResourcesBuildPhase section */
		FB79E7DD2BC4A2D3009626B6 /* Resources */ = {
			isa = PBXResourcesBuildPhase;
			buildActionMask = 2147483647;
			files = (
				FB79E7EF2BC4A2D4009626B6 /* LaunchScreen.storyboard in Resources */,
				FB79E7EC2BC4A2D4009626B6 /* Assets.xcassets in Resources */,
				FB79E7EA2BC4A2D3009626B6 /* Main.storyboard in Resources */,
			);
			runOnlyForDeploymentPostprocessing = 0;
		};
/* End PBXResourcesBuildPhase section */

/* Begin PBXSourcesBuildPhase section */
		FB79E7DB2BC4A2D3009626B6 /* Sources */ = {
			isa = PBXSourcesBuildPhase;
			buildActionMask = 2147483647;
			files = (
				FB79E7E72BC4A2D3009626B6 /* ViewController.swift in Sources */,
				FB79E7E32BC4A2D3009626B6 /* AppDelegate.swift in Sources */,
				FB79E7F72BC4AA8A009626B6 /* QuestionViewController.swift in Sources */,
				FB79E7FB2BC4B2C2009626B6 /* QuestionData.swift in Sources */,
				FB79E7F92BC4AAA0009626B6 /* ResultsViewController.swift in Sources */,
				FB79E7E52BC4A2D3009626B6 /* SceneDelegate.swift in Sources */,
			);
			runOnlyForDeploymentPostprocessing = 0;
		};
/* End PBXSourcesBuildPhase section */

/* Begin PBXVariantGroup section */
		FB79E7E82BC4A2D3009626B6 /* Main.storyboard */ = {
			isa = PBXVariantGroup;
			children = (
				FB79E7E92BC4A2D3009626B6 /* Base */,
			);
			name = Main.storyboard;
			sourceTree = "<group>";
		};
		FB79E7ED2BC4A2D4009626B6 /* LaunchScreen.storyboard */ = {
			isa = PBXVariantGroup;
			children = (
				FB79E7EE2BC4A2D4009626B6 /* Base */,
			);
			name = LaunchScreen.storyboard;
			sourceTree = "<group>";
		};
/* End PBXVariantGroup section */

/* Begin XCBuildConfiguration section */
		FB79E7F12BC4A2D4009626B6 /* Debug */ = {
			isa = XCBuildConfiguration;
			buildSettings = {
				ALWAYS_SEARCH_USER_PATHS = NO;
				CLANG_ANALYZER_NONNULL = YES;
				CLANG_ANALYZER_NUMBER_OBJECT_CONVERSION = YES_AGGRESSIVE;
				CLANG_CXX_LANGUAGE_STANDARD = "gnu++20";
				CLANG_ENABLE_MODULES = YES;
				CLANG_ENABLE_OBJC_ARC = YES;
				CLANG_ENABLE_OBJC_WEAK = YES;
				CLANG_WARN_BLOCK_CAPTURE_AUTORELEASING = YES;
				CLANG_WARN_BOOL_CONVERSION = YES;
				CLANG_WARN_COMMA = YES;
				CLANG_WARN_CONSTANT_CONVERSION = YES;
				CLANG_WARN_DEPRECATED_OBJC_IMPLEMENTATIONS = YES;
				CLANG_WARN_DIRECT_OBJC_ISA_USAGE = YES_ERROR;
				CLANG_WARN_DOCUMENTATION_COMMENTS = YES;
				CLANG_WARN_EMPTY_BODY = YES;
				CLANG_WARN_ENUM_CONVERSION = YES;
				CLANG_WARN_INFINITE_RECURSION = YES;
				CLANG_WARN_INT_CONVERSION = YES;
				CLANG_WARN_NON_LITERAL_NULL_CONVERSION = YES;
				CLANG_WARN_OBJC_IMPLICIT_RETAIN_SELF = YES;
				CLANG_WARN_OBJC_LITERAL_CONVERSION = YES;
				CLANG_WARN_OBJC_ROOT_CLASS = YES_ERROR;
				CLANG_WARN_QUOTED_INCLUDE_IN_FRAMEWORK_HEADER = YES;
				CLANG_WARN_RANGE_LOOP_ANALYSIS = YES;
				CLANG_WARN_STRICT_PROTOTYPES = YES;
				CLANG_WARN_SUSPICIOUS_MOVE = YES;
				CLANG_WARN_UNGUARDED_AVAILABILITY = YES_AGGRESSIVE;
				CLANG_WARN_UNREACHABLE_CODE = YES;
				CLANG_WARN__DUPLICATE_METHOD_MATCH = YES;
				COPY_PHASE_STRIP = NO;
				DEBUG_INFORMATION_FORMAT = dwarf;
				ENABLE_STRICT_OBJC_MSGSEND = YES;
				ENABLE_TESTABILITY = YES;
				GCC_C_LANGUAGE_STANDARD = gnu11;
				GCC_DYNAMIC_NO_PIC = NO;
				GCC_NO_COMMON_BLOCKS = YES;
				GCC_OPTIMIZATION_LEVEL = 0;
				GCC_PREPROCESSOR_DEFINITIONS = (
					"DEBUG=1",
					"$(inherited)",
				);
				GCC_WARN_64_TO_32_BIT_CONVERSION = YES;
				GCC_WARN_ABOUT_RETURN_TYPE = YES_ERROR;
				GCC_WARN_UNDECLARED_SELECTOR = YES;
				GCC_WARN_UNINITIALIZED_AUTOS = YES_AGGRESSIVE;
				GCC_WARN_UNUSED_FUNCTION = YES;
				GCC_WARN_UNUSED_VARIABLE = YES;
				IPHONEOS_DEPLOYMENT_TARGET = 16.4;
				MTL_ENABLE_DEBUG_INFO = INCLUDE_SOURCE;
				MTL_FAST_MATH = YES;
				ONLY_ACTIVE_ARCH = YES;
				SDKROOT = iphoneos;
				SWIFT_ACTIVE_COMPILATION_CONDITIONS = DEBUG;
				SWIFT_OPTIMIZATION_LEVEL = "-Onone";
			};
			name = Debug;
		};
		FB79E7F22BC4A2D4009626B6 /* Release */ = {
			isa = XCBuildConfiguration;
			buildSettings = {
				ALWAYS_SEARCH_USER_PATHS = NO;
				CLANG_ANALYZER_NONNULL = YES;
				CLANG_ANALYZER_NUMBER_OBJECT_CONVERSION = YES_AGGRESSIVE;
				CLANG_CXX_LANGUAGE_STANDARD = "gnu++20";
				CLANG_ENABLE_MODULES = YES;
				CLANG_ENABLE_OBJC_ARC = YES;
				CLANG_ENABLE_OBJC_WEAK = YES;
				CLANG_WARN_BLOCK_CAPTURE_AUTORELEASING = YES;
				CLANG_WARN_BOOL_CONVERSION = YES;
				CLANG_WARN_COMMA = YES;
				CLANG_WARN_CONSTANT_CONVERSION = YES;
				CLANG_WARN_DEPRECATED_OBJC_IMPLEMENTATIONS = YES;
				CLANG_WARN_DIRECT_OBJC_ISA_USAGE = YES_ERROR;
				CLANG_WARN_DOCUMENTATION_COMMENTS = YES;
				CLANG_WARN_EMPTY_BODY = YES;
				CLANG_WARN_ENUM_CONVERSION = YES;
				CLANG_WARN_INFINITE_RECURSION = YES;
				CLANG_WARN_INT_CONVERSION = YES;
				CLANG_WARN_NON_LITERAL_NULL_CONVERSION = YES;
				CLANG_WARN_OBJC_IMPLICIT_RETAIN_SELF = YES;
				CLANG_WARN_OBJC_LITERAL_CONVERSION = YES;
				CLANG_WARN_OBJC_ROOT_CLASS = YES_ERROR;
				CLANG_WARN_QUOTED_INCLUDE_IN_FRAMEWORK_HEADER = YES;
				CLANG_WARN_RANGE_LOOP_ANALYSIS = YES;
				CLANG_WARN_STRICT_PROTOTYPES = YES;
				CLANG_WARN_SUSPICIOUS_MOVE = YES;
				CLANG_WARN_UNGUARDED_AVAILABILITY = YES_AGGRESSIVE;
				CLANG_WARN_UNREACHABLE_CODE = YES;
				CLANG_WARN__DUPLICATE_METHOD_MATCH = YES;
				COPY_PHASE_STRIP = NO;
				DEBUG_INFORMATION_FORMAT = "dwarf-with-dsym";
				ENABLE_NS_ASSERTIONS = NO;
				ENABLE_STRICT_OBJC_MSGSEND = YES;
				GCC_C_LANGUAGE_STANDARD = gnu11;
				GCC_NO_COMMON_BLOCKS = YES;
				GCC_WARN_64_TO_32_BIT_CONVERSION = YES;
				GCC_WARN_ABOUT_RETURN_TYPE = YES_ERROR;
				GCC_WARN_UNDECLARED_SELECTOR = YES;
				GCC_WARN_UNINITIALIZED_AUTOS = YES_AGGRESSIVE;
				GCC_WARN_UNUSED_FUNCTION = YES;
				GCC_WARN_UNUSED_VARIABLE = YES;
				IPHONEOS_DEPLOYMENT_TARGET = 16.4;
				MTL_ENABLE_DEBUG_INFO = NO;
				MTL_FAST_MATH = YES;
				SDKROOT = iphoneos;
				SWIFT_COMPILATION_MODE = wholemodule;
				SWIFT_OPTIMIZATION_LEVEL = "-O";
				VALIDATE_PRODUCT = YES;
			};
			name = Release;
		};
		FB79E7F42BC4A2D4009626B6 /* Debug */ = {
			isa = XCBuildConfiguration;
			buildSettings = {
				ASSETCATALOG_COMPILER_APPICON_NAME = AppIcon;
				ASSETCATALOG_COMPILER_GLOBAL_ACCENT_COLOR_NAME = AccentColor;
				CODE_SIGN_STYLE = Automatic;
				CURRENT_PROJECT_VERSION = 1;
				GENERATE_INFOPLIST_FILE = YES;
				INFOPLIST_FILE = PersonalityTest_iOS/Info.plist;
				INFOPLIST_KEY_UIApplicationSupportsIndirectInputEvents = YES;
				INFOPLIST_KEY_UILaunchStoryboardName = LaunchScreen;
				INFOPLIST_KEY_UIMainStoryboardFile = Main;
				INFOPLIST_KEY_UISupportedInterfaceOrientations_iPad = "UIInterfaceOrientationPortrait UIInterfaceOrientationPortraitUpsideDown UIInterfaceOrientationLandscapeLeft UIInterfaceOrientationLandscapeRight";
				INFOPLIST_KEY_UISupportedInterfaceOrientations_iPhone = "UIInterfaceOrientationPortrait UIInterfaceOrientationLandscapeLeft UIInterfaceOrientationLandscapeRight";
				LD_RUNPATH_SEARCH_PATHS = (
					"$(inherited)",
					"@executable_path/Frameworks",
				);
				MARKETING_VERSION = 1.0;
				PRODUCT_BUNDLE_IDENTIFIER = "a.PersonalityTest-iOS";
				PRODUCT_NAME = "$(TARGET_NAME)";
				SWIFT_EMIT_LOC_STRINGS = YES;
				SWIFT_VERSION = 5.0;
				TARGETED_DEVICE_FAMILY = "1,2";
			};
			name = Debug;
		};
		FB79E7F52BC4A2D4009626B6 /* Release */ = {
			isa = XCBuildConfiguration;
			buildSettings = {
				ASSETCATALOG_COMPILER_APPICON_NAME = AppIcon;
				ASSETCATALOG_COMPILER_GLOBAL_ACCENT_COLOR_NAME = AccentColor;
				CODE_SIGN_STYLE = Automatic;
				CURRENT_PROJECT_VERSION = 1;
				GENERATE_INFOPLIST_FILE = YES;
				INFOPLIST_FILE = PersonalityTest_iOS/Info.plist;
				INFOPLIST_KEY_UIApplicationSupportsIndirectInputEvents = YES;
				INFOPLIST_KEY_UILaunchStoryboardName = LaunchScreen;
				INFOPLIST_KEY_UIMainStoryboardFile = Main;
				INFOPLIST_KEY_UISupportedInterfaceOrientations_iPad = "UIInterfaceOrientationPortrait UIInterfaceOrientationPortraitUpsideDown UIInterfaceOrientationLandscapeLeft UIInterfaceOrientationLandscapeRight";
				INFOPLIST_KEY_UISupportedInterfaceOrientations_iPhone = "UIInterfaceOrientationPortrait UIInterfaceOrientationLandscapeLeft UIInterfaceOrientationLandscapeRight";
				LD_RUNPATH_SEARCH_PATHS = (
					"$(inherited)",
					"@executable_path/Frameworks",
				);
				MARKETING_VERSION = 1.0;
				PRODUCT_BUNDLE_IDENTIFIER = "a.PersonalityTest-iOS";
				PRODUCT_NAME = "$(TARGET_NAME)";
				SWIFT_EMIT_LOC_STRINGS = YES;
				SWIFT_VERSION = 5.0;
				TARGETED_DEVICE_FAMILY = "1,2";
			};
			name = Release;
		};
/* End XCBuildConfiguration section */

/* Begin XCConfigurationList section */
		FB79E7DA2BC4A2D3009626B6 /* Build configuration list for PBXProject "PersonalityTest_iOS" */ = {
			isa = XCConfigurationList;
			buildConfigurations = (
				FB79E7F12BC4A2D4009626B6 /* Debug */,
				FB79E7F22BC4A2D4009626B6 /* Release */,
			);
			defaultConfigurationIsVisible = 0;
			defaultConfigurationName = Release;
		};
		FB79E7F32BC4A2D4009626B6 /* Build configuration list for PBXNativeTarget "PersonalityTest_iOS" */ = {
			isa = XCConfigurationList;
			buildConfigurations = (
				FB79E7F42BC4A2D4009626B6 /* Debug */,
				FB79E7F52BC4A2D4009626B6 /* Release */,
			);
			defaultConfigurationIsVisible = 0;
			defaultConfigurationName = Release;
		};
/* End XCConfigurationList section */
	};
	rootObject = FB79E7D72BC4A2D3009626B6 /* Project object */;
}
